// !$*UTF8*$!
{
	archiveVersion = 1;
	classes = {
	};
	objectVersion = 50;
	objects = {

/* Begin PBXBuildFile section */
		E28D25D0263B67160030ACF7 /* MoonshotApp.swift in Sources */ = {isa = PBXBuildFile; fileRef = E28D25CF263B67160030ACF7 /* MoonshotApp.swift */; };
		E28D25D2263B67160030ACF7 /* ContentView.swift in Sources */ = {isa = PBXBuildFile; fileRef = E28D25D1263B67160030ACF7 /* ContentView.swift */; };
		E28D25D4263B67170030ACF7 /* Assets.xcassets in Resources */ = {isa = PBXBuildFile; fileRef = E28D25D3263B67170030ACF7 /* Assets.xcassets */; };
		E28D25D7263B67170030ACF7 /* Preview Assets.xcassets in Resources */ = {isa = PBXBuildFile; fileRef = E28D25D6263B67170030ACF7 /* Preview Assets.xcassets */; };
		E2FF9F24263C353D00525A9F /* missions.json in Resources */ = {isa = PBXBuildFile; fileRef = E2FF9F22263C353D00525A9F /* missions.json */; };
		E2FF9F25263C353D00525A9F /* astronauts.json in Resources */ = {isa = PBXBuildFile; fileRef = E2FF9F23263C353D00525A9F /* astronauts.json */; };
		E2FF9F27263C355A00525A9F /* Astronaut.swift in Sources */ = {isa = PBXBuildFile; fileRef = E2FF9F26263C355A00525A9F /* Astronaut.swift */; };
		E2FF9F2B263C35BC00525A9F /* Bundle-Decodable.swift in Sources */ = {isa = PBXBuildFile; fileRef = E2FF9F2A263C35BC00525A9F /* Bundle-Decodable.swift */; };
		E2FF9F2D263C386700525A9F /* Mission.swift in Sources */ = {isa = PBXBuildFile; fileRef = E2FF9F2C263C386700525A9F /* Mission.swift */; };
		E2FF9F2F263C45E000525A9F /* MissionView.swift in Sources */ = {isa = PBXBuildFile; fileRef = E2FF9F2E263C45E000525A9F /* MissionView.swift */; };
		E2FF9F31263C4E4000525A9F /* AstronautView.swift in Sources */ = {isa = PBXBuildFile; fileRef = E2FF9F30263C4E4000525A9F /* AstronautView.swift */; };
/* End PBXBuildFile section */

/* Begin PBXFileReference section */
		E28D25CC263B67160030ACF7 /* Moonshot.app */ = {isa = PBXFileReference; explicitFileType = wrapper.application; includeInIndex = 0; path = Moonshot.app; sourceTree = BUILT_PRODUCTS_DIR; };
		E28D25CF263B67160030ACF7 /* MoonshotApp.swift */ = {isa = PBXFileReference; lastKnownFileType = sourcecode.swift; path = MoonshotApp.swift; sourceTree = "<group>"; };
		E28D25D1263B67160030ACF7 /* ContentView.swift */ = {isa = PBXFileReference; lastKnownFileType = sourcecode.swift; path = ContentView.swift; sourceTree = "<group>"; };
		E28D25D3263B67170030ACF7 /* Assets.xcassets */ = {isa = PBXFileReference; lastKnownFileType = folder.assetcatalog; path = Assets.xcassets; sourceTree = "<group>"; };
		E28D25D6263B67170030ACF7 /* Preview Assets.xcassets */ = {isa = PBXFileReference; lastKnownFileType = folder.assetcatalog; path = "Preview Assets.xcassets"; sourceTree = "<group>"; };
		E28D25D8263B67170030ACF7 /* Info.plist */ = {isa = PBXFileReference; lastKnownFileType = text.plist.xml; path = Info.plist; sourceTree = "<group>"; };
		E2FF9F22263C353D00525A9F /* missions.json */ = {isa = PBXFileReference; fileEncoding = 4; lastKnownFileType = text.json; path = missions.json; sourceTree = "<group>"; };
		E2FF9F23263C353D00525A9F /* astronauts.json */ = {isa = PBXFileReference; fileEncoding = 4; lastKnownFileType = text.json; path = astronauts.json; sourceTree = "<group>"; };
		E2FF9F26263C355A00525A9F /* Astronaut.swift */ = {isa = PBXFileReference; lastKnownFileType = sourcecode.swift; path = Astronaut.swift; sourceTree = "<group>"; };
		E2FF9F2A263C35BC00525A9F /* Bundle-Decodable.swift */ = {isa = PBXFileReference; lastKnownFileType = sourcecode.swift; path = "Bundle-Decodable.swift"; sourceTree = "<group>"; };
		E2FF9F2C263C386700525A9F /* Mission.swift */ = {isa = PBXFileReference; lastKnownFileType = sourcecode.swift; path = Mission.swift; sourceTree = "<group>"; };
		E2FF9F2E263C45E000525A9F /* MissionView.swift */ = {isa = PBXFileReference; lastKnownFileType = sourcecode.swift; path = MissionView.swift; sourceTree = "<group>"; };
		E2FF9F30263C4E4000525A9F /* AstronautView.swift */ = {isa = PBXFileReference; lastKnownFileType = sourcecode.swift; path = AstronautView.swift; sourceTree = "<group>"; };
/* End PBXFileReference section */

/* Begin PBXFrameworksBuildPhase section */
		E28D25C9263B67160030ACF7 /* Frameworks */ = {
			isa = PBXFrameworksBuildPhase;
			buildActionMask = 2147483647;
			files = (
			);
			runOnlyForDeploymentPostprocessing = 0;
		};
/* End PBXFrameworksBuildPhase section */

/* Begin PBXGroup section */
		E28D25C3263B67160030ACF7 = {
			isa = PBXGroup;
			children = (
				E28D25CE263B67160030ACF7 /* Moonshot */,
				E28D25CD263B67160030ACF7 /* Products */,
			);
			sourceTree = "<group>";
		};
		E28D25CD263B67160030ACF7 /* Products */ = {
			isa = PBXGroup;
			children = (
				E28D25CC263B67160030ACF7 /* Moonshot.app */,
			);
			name = Products;
			sourceTree = "<group>";
		};
		E28D25CE263B67160030ACF7 /* Moonshot */ = {
			isa = PBXGroup;
			children = (
				E28D25CF263B67160030ACF7 /* MoonshotApp.swift */,
				E2FF9F28263C357C00525A9F /* Model */,
				E2FF9F29263C358200525A9F /* View */,
				E28D25D3263B67170030ACF7 /* Assets.xcassets */,
				E28D25D8263B67170030ACF7 /* Info.plist */,
				E2FF9F23263C353D00525A9F /* astronauts.json */,
				E2FF9F22263C353D00525A9F /* missions.json */,
				E28D25D5263B67170030ACF7 /* Preview Content */,
			);
			path = Moonshot;
			sourceTree = "<group>";
		};
		E28D25D5263B67170030ACF7 /* Preview Content */ = {
			isa = PBXGroup;
			children = (
				E28D25D6263B67170030ACF7 /* Preview Assets.xcassets */,
			);
			path = "Preview Content";
			sourceTree = "<group>";
		};
		E2FF9F28263C357C00525A9F /* Model */ = {
			isa = PBXGroup;
			children = (
				E2FF9F26263C355A00525A9F /* Astronaut.swift */,
				E2FF9F2A263C35BC00525A9F /* Bundle-Decodable.swift */,
				E2FF9F2C263C386700525A9F /* Mission.swift */,
			);
			path = Model;
			sourceTree = "<group>";
		};
		E2FF9F29263C358200525A9F /* View */ = {
			isa = PBXGroup;
			children = (
				E28D25D1263B67160030ACF7 /* ContentView.swift */,
				E2FF9F2E263C45E000525A9F /* MissionView.swift */,
				E2FF9F30263C4E4000525A9F /* AstronautView.swift */,
			);
			path = View;
			sourceTree = "<group>";
		};
/* End PBXGroup section */

/* Begin PBXNativeTarget section */
		E28D25CB263B67160030ACF7 /* Moonshot */ = {
			isa = PBXNativeTarget;
			buildConfigurationList = E28D25DB263B67170030ACF7 /* Build configuration list for PBXNativeTarget "Moonshot" */;
			buildPhases = (
				E28D25C8263B67160030ACF7 /* Sources */,
				E28D25C9263B67160030ACF7 /* Frameworks */,
				E28D25CA263B67160030ACF7 /* Resources */,
			);
			buildRules = (
			);
			dependencies = (
			);
			name = Moonshot;
			productName = Moonshot;
			productReference = E28D25CC263B67160030ACF7 /* Moonshot.app */;
			productType = "com.apple.product-type.application";
		};
/* End PBXNativeTarget section */

/* Begin PBXProject section */
		E28D25C4263B67160030ACF7 /* Project object */ = {
			isa = PBXProject;
			attributes = {
				LastSwiftUpdateCheck = 1250;
				LastUpgradeCheck = 1250;
				TargetAttributes = {
					E28D25CB263B67160030ACF7 = {
						CreatedOnToolsVersion = 12.5;
					};
				};
			};
			buildConfigurationList = E28D25C7263B67160030ACF7 /* Build configuration list for PBXProject "Moonshot" */;
			compatibilityVersion = "Xcode 9.3";
			developmentRegion = en;
			hasScannedForEncodings = 0;
			knownRegions = (
				en,
				Base,
			);
			mainGroup = E28D25C3263B67160030ACF7;
			productRefGroup = E28D25CD263B67160030ACF7 /* Products */;
			projectDirPath = "";
			projectRoot = "";
			targets = (
				E28D25CB263B67160030ACF7 /* Moonshot */,
			);
		};
/* End PBXProject section */

/* Begin PBXResourcesBuildPhase section */
		E28D25CA263B67160030ACF7 /* Resources */ = {
			isa = PBXResourcesBuildPhase;
			buildActionMask = 2147483647;
			files = (
				E28D25D7263B67170030ACF7 /* Preview Assets.xcassets in Resources */,
				E2FF9F24263C353D00525A9F /* missions.json in Resources */,
				E28D25D4263B67170030ACF7 /* Assets.xcassets in Resources */,
				E2FF9F25263C353D00525A9F /* astronauts.json in Resources */,
			);
			runOnlyForDeploymentPostprocessing = 0;
		};
/* End PBXResourcesBuildPhase section */

/* Begin PBXSourcesBuildPhase section */
		E28D25C8263B67160030ACF7 /* Sources */ = {
			isa = PBXSourcesBuildPhase;
			buildActionMask = 2147483647;
			files = (
				E2FF9F31263C4E4000525A9F /* AstronautView.swift in Sources */,
				E2FF9F27263C355A00525A9F /* Astronaut.swift in Sources */,
				E28D25D2263B67160030ACF7 /* ContentView.swift in Sources */,
				E28D25D0263B67160030ACF7 /* MoonshotApp.swift in Sources */,
				E2FF9F2D263C386700525A9F /* Mission.swift in Sources */,
				E2FF9F2B263C35BC00525A9F /* Bundle-Decodable.swift in Sources */,
				E2FF9F2F263C45E000525A9F /* MissionView.swift in Sources */,
			);
			runOnlyForDeploymentPostprocessing = 0;
		};
/* End PBXSourcesBuildPhase section */

/* Begin XCBuildConfiguration section */
		E28D25D9263B67170030ACF7 /* Debug */ = {
			isa = XCBuildConfiguration;
			buildSettings = {
				ALWAYS_SEARCH_USER_PATHS = NO;
				CLANG_ANALYZER_NONNULL = YES;
				CLANG_ANALYZER_NUMBER_OBJECT_CONVERSION = YES_AGGRESSIVE;
				CLANG_CXX_LANGUAGE_STANDARD = "gnu++14";
				CLANG_CXX_LIBRARY = "libc++";
				CLANG_ENABLE_MODULES = YES;
				CLANG_ENABLE_OBJC_ARC = YES;
				CLANG_ENABLE_OBJC_WEAK = YES;
				CLANG_WARN_BLOCK_CAPTURE_AUTORELEASING = YES;
				CLANG_WARN_BOOL_CONVERSION = YES;
				CLANG_WARN_COMMA = YES;
				CLANG_WARN_CONSTANT_CONVERSION = YES;
				CLANG_WARN_DEPRECATED_OBJC_IMPLEMENTATIONS = YES;
				CLANG_WARN_DIRECT_OBJC_ISA_USAGE = YES_ERROR;
				CLANG_WARN_DOCUMENTATION_COMMENTS = YES;
				CLANG_WARN_EMPTY_BODY = YES;
				CLANG_WARN_ENUM_CONVERSION = YES;
				CLANG_WARN_INFINITE_RECURSION = YES;
				CLANG_WARN_INT_CONVERSION = YES;
				CLANG_WARN_NON_LITERAL_NULL_CONVERSION = YES;
				CLANG_WARN_OBJC_IMPLICIT_RETAIN_SELF = YES;
				CLANG_WARN_OBJC_LITERAL_CONVERSION = YES;
				CLANG_WARN_OBJC_ROOT_CLASS = YES_ERROR;
				CLANG_WARN_QUOTED_INCLUDE_IN_FRAMEWORK_HEADER = YES;
				CLANG_WARN_RANGE_LOOP_ANALYSIS = YES;
				CLANG_WARN_STRICT_PROTOTYPES = YES;
				CLANG_WARN_SUSPICIOUS_MOVE = YES;
				CLANG_WARN_UNGUARDED_AVAILABILITY = YES_AGGRESSIVE;
				CLANG_WARN_UNREACHABLE_CODE = YES;
				CLANG_WARN__DUPLICATE_METHOD_MATCH = YES;
				COPY_PHASE_STRIP = NO;
				DEBUG_INFORMATION_FORMAT = dwarf;
				ENABLE_STRICT_OBJC_MSGSEND = YES;
				ENABLE_TESTABILITY = YES;
				GCC_C_LANGUAGE_STANDARD = gnu11;
				GCC_DYNAMIC_NO_PIC = NO;
				GCC_NO_COMMON_BLOCKS = YES;
				GCC_OPTIMIZATION_LEVEL = 0;
				GCC_PREPROCESSOR_DEFINITIONS = (
					"DEBUG=1",
					"$(inherited)",
				);
				GCC_WARN_64_TO_32_BIT_CONVERSION = YES;
				GCC_WARN_ABOUT_RETURN_TYPE = YES_ERROR;
				GCC_WARN_UNDECLARED_SELECTOR = YES;
				GCC_WARN_UNINITIALIZED_AUTOS = YES_AGGRESSIVE;
				GCC_WARN_UNUSED_FUNCTION = YES;
				GCC_WARN_UNUSED_VARIABLE = YES;
				IPHONEOS_DEPLOYMENT_TARGET = 14.5;
				MTL_ENABLE_DEBUG_INFO = INCLUDE_SOURCE;
				MTL_FAST_MATH = YES;
				ONLY_ACTIVE_ARCH = YES;
				SDKROOT = iphoneos;
				SWIFT_ACTIVE_COMPILATION_CONDITIONS = DEBUG;
				SWIFT_OPTIMIZATION_LEVEL = "-Onone";
			};
			name = Debug;
		};
		E28D25DA263B67170030ACF7 /* Release */ = {
			isa = XCBuildConfiguration;
			buildSettings = {
				ALWAYS_SEARCH_USER_PATHS = NO;
				CLANG_ANALYZER_NONNULL = YES;
				CLANG_ANALYZER_NUMBER_OBJECT_CONVERSION = YES_AGGRESSIVE;
				CLANG_CXX_LANGUAGE_STANDARD = "gnu++14";
				CLANG_CXX_LIBRARY = "libc++";
				CLANG_ENABLE_MODULES = YES;
				CLANG_ENABLE_OBJC_ARC = YES;
				CLANG_ENABLE_OBJC_WEAK = YES;
				CLANG_WARN_BLOCK_CAPTURE_AUTORELEASING = YES;
				CLANG_WARN_BOOL_CONVERSION = YES;
				CLANG_WARN_COMMA = YES;
				CLANG_WARN_CONSTANT_CONVERSION = YES;
				CLANG_WARN_DEPRECATED_OBJC_IMPLEMENTATIONS = YES;
				CLANG_WARN_DIRECT_OBJC_ISA_USAGE = YES_ERROR;
				CLANG_WARN_DOCUMENTATION_COMMENTS = YES;
				CLANG_WARN_EMPTY_BODY = YES;
				CLANG_WARN_ENUM_CONVERSION = YES;
				CLANG_WARN_INFINITE_RECURSION = YES;
				CLANG_WARN_INT_CONVERSION = YES;
				CLANG_WARN_NON_LITERAL_NULL_CONVERSION = YES;
				CLANG_WARN_OBJC_IMPLICIT_RETAIN_SELF = YES;
				CLANG_WARN_OBJC_LITERAL_CONVERSION = YES;
				CLANG_WARN_OBJC_ROOT_CLASS = YES_ERROR;
				CLANG_WARN_QUOTED_INCLUDE_IN_FRAMEWORK_HEADER = YES;
				CLANG_WARN_RANGE_LOOP_ANALYSIS = YES;
				CLANG_WARN_STRICT_PROTOTYPES = YES;
				CLANG_WARN_SUSPICIOUS_MOVE = YES;
				CLANG_WARN_UNGUARDED_AVAILABILITY = YES_AGGRESSIVE;
				CLANG_WARN_UNREACHABLE_CODE = YES;
				CLANG_WARN__DUPLICATE_METHOD_MATCH = YES;
				COPY_PHASE_STRIP = NO;
				DEBUG_INFORMATION_FORMAT = "dwarf-with-dsym";
				ENABLE_NS_ASSERTIONS = NO;
				ENABLE_STRICT_OBJC_MSGSEND = YES;
				GCC_C_LANGUAGE_STANDARD = gnu11;
				GCC_NO_COMMON_BLOCKS = YES;
				GCC_WARN_64_TO_32_BIT_CONVERSION = YES;
				GCC_WARN_ABOUT_RETURN_TYPE = YES_ERROR;
				GCC_WARN_UNDECLARED_SELECTOR = YES;
				GCC_WARN_UNINITIALIZED_AUTOS = YES_AGGRESSIVE;
				GCC_WARN_UNUSED_FUNCTION = YES;
				GCC_WARN_UNUSED_VARIABLE = YES;
				IPHONEOS_DEPLOYMENT_TARGET = 14.5;
				MTL_ENABLE_DEBUG_INFO = NO;
				MTL_FAST_MATH = YES;
				SDKROOT = iphoneos;
				SWIFT_COMPILATION_MODE = wholemodule;
				SWIFT_OPTIMIZATION_LEVEL = "-O";
				VALIDATE_PRODUCT = YES;
			};
			name = Release;
		};
		E28D25DC263B67170030ACF7 /* Debug */ = {
			isa = XCBuildConfiguration;
			buildSettings = {
				ASSETCATALOG_COMPILER_APPICON_NAME = AppIcon;
				ASSETCATALOG_COMPILER_GLOBAL_ACCENT_COLOR_NAME = AccentColor;
				CODE_SIGN_STYLE = Automatic;
				DEVELOPMENT_ASSET_PATHS = "\"Moonshot/Preview Content\"";
				DEVELOPMENT_TEAM = C7X77XQ2L3;
				ENABLE_PREVIEWS = YES;
				INFOPLIST_FILE = Moonshot/Info.plist;
				IPHONEOS_DEPLOYMENT_TARGET = 14.0;
				LD_RUNPATH_SEARCH_PATHS = (
					"$(inherited)",
					"@executable_path/Frameworks",
				);
				PRODUCT_BUNDLE_IDENTIFIER = com.antoniovegaochoa.Moonshot;
				PRODUCT_NAME = "$(TARGET_NAME)";
				SWIFT_VERSION = 5.0;
				TARGETED_DEVICE_FAMILY = "1,2";
			};
			name = Debug;
		};
		E28D25DD263B67170030ACF7 /* Release */ = {
			isa = XCBuildConfiguration;
			buildSettings = {
				ASSETCATALOG_COMPILER_APPICON_NAME = AppIcon;
				ASSETCATALOG_COMPILER_GLOBAL_ACCENT_COLOR_NAME = AccentColor;
				CODE_SIGN_STYLE = Automatic;
				DEVELOPMENT_ASSET_PATHS = "\"Moonshot/Preview Content\"";
				DEVELOPMENT_TEAM = C7X77XQ2L3;
				ENABLE_PREVIEWS = YES;
				INFOPLIST_FILE = Moonshot/Info.plist;
				IPHONEOS_DEPLOYMENT_TARGET = 14.0;
				LD_RUNPATH_SEARCH_PATHS = (
					"$(inherited)",
					"@executable_path/Frameworks",
				);
				PRODUCT_BUNDLE_IDENTIFIER = com.antoniovegaochoa.Moonshot;
				PRODUCT_NAME = "$(TARGET_NAME)";
				SWIFT_VERSION = 5.0;
				TARGETED_DEVICE_FAMILY = "1,2";
			};
			name = Release;
		};
/* End XCBuildConfiguration section */

/* Begin XCConfigurationList section */
		E28D25C7263B67160030ACF7 /* Build configuration list for PBXProject "Moonshot" */ = {
			isa = XCConfigurationList;
			buildConfigurations = (
				E28D25D9263B67170030ACF7 /* Debug */,
				E28D25DA263B67170030ACF7 /* Release */,
			);
			defaultConfigurationIsVisible = 0;
			defaultConfigurationName = Release;
		};
		E28D25DB263B67170030ACF7 /* Build configuration list for PBXNativeTarget "Moonshot" */ = {
			isa = XCConfigurationList;
			buildConfigurations = (
				E28D25DC263B67170030ACF7 /* Debug */,
				E28D25DD263B67170030ACF7 /* Release */,
			);
			defaultConfigurationIsVisible = 0;
			defaultConfigurationName = Release;
		};
/* End XCConfigurationList section */
	};
	rootObject = E28D25C4263B67160030ACF7 /* Project object */;
}
